{
  "name": "client",
  "version": "0.1.0",
  "lockfileVersion": 1,
  "requires": true,
  "dependencies": {
    "@types/async": {
      "version": "2.0.44",
      "resolved": "https://registry.npmjs.org/@types/async/-/async-2.0.44.tgz",
      "integrity": "sha512-tE5HO+BSq3xfLWTaXyty1ITfs9Uu8CA4dYf1TeEtcPAtQEOY0c/oZYMtbEHFsUExD0g+sWmKYxtjeRQ2ywrp8Q==",
      "optional": true
    },
    "apollo-cache": {
      "version": "0.2.0-rc.3",
      "resolved": "https://registry.npmjs.org/apollo-cache/-/apollo-cache-0.2.0-rc.3.tgz",
      "integrity": "sha512-W41OANlHHnbiFLCBURf6e6174hT/1mIYdjV5qrmcaNSbbYRRvDD8xw4Q6l0TcwUhyNmRpPiwFtbv3fyHO2VytQ==",
      "requires": {
        "apollo-utilities": "0.2.0-rc.3"
      }
    },
    "apollo-cache-inmemory": {
      "version": "0.2.0-rc.4",
      "resolved": "https://registry.npmjs.org/apollo-cache-inmemory/-/apollo-cache-inmemory-0.2.0-rc.4.tgz",
      "integrity": "sha512-gtcjQkk5zms4Enz6LL0ZeIrU0QJJ6f1PK+gaW56f65tTPf+H20th1I1OQZFKQf85Aojfpz8gItO3tmrFGzHyQA==",
      "requires": {
        "apollo-cache": "0.2.0-rc.3",
        "apollo-utilities": "0.2.0-rc.3",
        "graphql-anywhere": "4.0.0"
      }
    },
    "apollo-client": {
      "version": "2.0.0-rc.7",
      "resolved": "https://registry.npmjs.org/apollo-client/-/apollo-client-2.0.0-rc.7.tgz",
      "integrity": "sha512-3f4OqVclj02bzLV+ajibaGRg25gGaY2e1M6fAZlzNZ9JlsS90VGabaeeQnxDWjW9II+kw0r0qGR4IkXSvonNtg==",
      "requires": {
        "@types/async": "2.0.44",
        "apollo-cache": "0.2.0-rc.3",
        "apollo-link": "0.8.0",
        "apollo-link-dedup": "0.6.0",
        "apollo-utilities": "0.2.0-rc.3",
        "symbol-observable": "1.0.4"
      }
    },
    "apollo-link": {
      "version": "0.8.0",
      "resolved": "https://registry.npmjs.org/apollo-link/-/apollo-link-0.8.0.tgz",
      "integrity": "sha512-iPuJyHhMZK0UGFfL9A9lBs0GxTD4b50cMq4xAtxq5poKe36A2Df0LiznWg3eZIergCyTjtvdeaCNO76LNSWx8w==",
      "requires": {
        "apollo-utilities": "0.2.0-rc.3",
        "zen-observable": "0.6.0"
      }
    },
    "apollo-link-dedup": {
      "version": "0.6.0",
      "resolved": "https://registry.npmjs.org/apollo-link-dedup/-/apollo-link-dedup-0.6.0.tgz",
      "integrity": "sha512-VYhagtvstgMoj7TtMnVVEGs7HFLyUfFOpnqFTrq5ZPuOHvnsiR6I9dqJlG8ZlkbNMuLWhIMtzRDpu5ekg1v05Q=="
    },
    "apollo-link-http": {
      "version": "1.0.0",
      "resolved": "https://registry.npmjs.org/apollo-link-http/-/apollo-link-http-1.0.0.tgz",
      "integrity": "sha512-lwJE+N0qeluChjya807T0s7tWgNdXXkxKjOBLFL7Rd819mv5HpJ+liQYOsK7B2bBrjo8TlIhswHKe0ifKmSy4w=="
    },
    "apollo-utilities": {
      "version": "0.2.0-rc.3",
      "resolved": "https://registry.npmjs.org/apollo-utilities/-/apollo-utilities-0.2.0-rc.3.tgz",
      "integrity": "sha512-UM5ok/DUKSgh/3T302hoPqCAhqfXdvBaQKOQJb0QUuX3qu2qVKzvwFsv/C3zWYySeCJTP9EoV2LtooIJOhSL4g=="
    },
    "graphql-anywhere": {
      "version": "4.0.0",
      "resolved": "https://registry.npmjs.org/graphql-anywhere/-/graphql-anywhere-4.0.0.tgz",
      "integrity": "sha512-MhNgKWrbxIRKMqyjAqtqQQzdlvcv+4DmiznMil6+yBKczizkLrEAQcR2NpIw9W3LfXnEfacXsMDhJwy0S00y5Q==",
      "requires": {
        "apollo-utilities": "1.0.1"
      },
      "dependencies": {
        "apollo-utilities": {
          "version": "1.0.1",
          "resolved": "https://registry.npmjs.org/apollo-utilities/-/apollo-utilities-1.0.1.tgz",
          "integrity": "sha512-o41biJGBjGCE9Nc6oDA+z0Q/rTeXj8WDqZ3v5Y2v1vwywg2VehY7sPWUm37eXa+FvE7aYMMR9gbIoRLAtbIzYQ=="
        }
      }
    },
    "symbol-observable": {
      "version": "1.0.4",
      "resolved": "https://registry.npmjs.org/symbol-observable/-/symbol-observable-1.0.4.tgz",
      "integrity": "sha1-Kb9hXUqnEhvdiYsi1LP5vE4qoD0="
    },
    "zen-observable": {
      "version": "0.6.0",
      "resolved": "https://registry.npmjs.org/zen-observable/-/zen-observable-0.6.0.tgz",
      "integrity": "sha512-G5v4eFZ1+qJC9U3iyldcc7OLsYfFf6/+/vywU3acbq0qq1PdFXsyfqtOUaQSTwhdbejO7AQWil3GzHxYlMchIg=="
    }
  }
}
